
Microsoft Visual Studio Solution File, Format Version 12.00
# Visual Studio 15
VisualStudioVersion = 15.0.26124.0
MinimumVisualStudioVersion = 15.0.26124.0
Project("{6EC3EE1D-3C4E-46DD-8F32-0CC8E7565705}") = "FSharpLibrary", "FSharpLibrary\FSharpLibrary.fsproj", "{E8B5938C-BC95-4FE2-9296-1F242491C351}"
EndProject
Project("{9A19103F-16F7-4668-BE54-9A1E7A4F7556}") = "CSharpLibrary", "CSharpLibrary\CSharpLibrary.csproj", "{1E9EE877-3D02-4AD9-86AD-1EC1D2DE37EF}"
EndProject
Project("{6EC3EE1D-3C4E-46DD-8F32-0CC8E7565705}") = "SudokuSolver", "SudokuSolver\SudokuSolver.fsproj", "{4471C2B7-51C0-4A31-8F6E-83A2F7DF9630}"
EndProject
Project("{6EC3EE1D-3C4E-46DD-8F32-0CC8E7565705}") = "FSharpMicroservice", "FSharpMicroservice\FSharpMicroservice.fsproj", "{8D6E72B4-7591-4438-8634-8EFA3135709F}"
EndProject
Project("{2150E333-8FDC-42A3-9474-1A3956D46DE8}") = "Solution Items", "Solution Items", "{B8FCB526-D9F2-4B62-B30D-3771D5CB7D74}"
	ProjectSection(SolutionItems) = preProject
		build.fsx = build.fsx
		paket.dependencies = paket.dependencies
	EndProjectSection
EndProject
Project("{6EC3EE1D-3C4E-46DD-8F32-0CC8E7565705}") = "FSharpLibraryTest", "FSharpLibraryTest\FSharpLibraryTest.fsproj", "{6DC6530B-FD45-4ED0-93F6-A1A49139806B}"
EndProject
Global
	GlobalSection(SolutionConfigurationPlatforms) = preSolution
		Debug|Any CPU = Debug|Any CPU
		Debug|x64 = Debug|x64
		Debug|x86 = Debug|x86
		Release|Any CPU = Release|Any CPU
		Release|x64 = Release|x64
		Release|x86 = Release|x86
	EndGlobalSection
	GlobalSection(ProjectConfigurationPlatforms) = postSolution
		{E8B5938C-BC95-4FE2-9296-1F242491C351}.Debug|Any CPU.ActiveCfg = Debug|Any CPU
		{E8B5938C-BC95-4FE2-9296-1F242491C351}.Debug|Any CPU.Build.0 = Debug|Any CPU
		{E8B5938C-BC95-4FE2-9296-1F242491C351}.Debug|x64.ActiveCfg = Debug|Any CPU
		{E8B5938C-BC95-4FE2-9296-1F242491C351}.Debug|x64.Build.0 = Debug|Any CPU
		{E8B5938C-BC95-4FE2-9296-1F242491C351}.Debug|x86.ActiveCfg = Debug|Any CPU
		{E8B5938C-BC95-4FE2-9296-1F242491C351}.Debug|x86.Build.0 = Debug|Any CPU
		{E8B5938C-BC95-4FE2-9296-1F242491C351}.Release|Any CPU.ActiveCfg = Release|Any CPU
		{E8B5938C-BC95-4FE2-9296-1F242491C351}.Release|Any CPU.Build.0 = Release|Any CPU
		{E8B5938C-BC95-4FE2-9296-1F242491C351}.Release|x64.ActiveCfg = Release|Any CPU
		{E8B5938C-BC95-4FE2-9296-1F242491C351}.Release|x64.Build.0 = Release|Any CPU
		{E8B5938C-BC95-4FE2-9296-1F242491C351}.Release|x86.ActiveCfg = Release|Any CPU
		{E8B5938C-BC95-4FE2-9296-1F242491C351}.Release|x86.Build.0 = Release|Any CPU
		{1E9EE877-3D02-4AD9-86AD-1EC1D2DE37EF}.Debug|Any CPU.ActiveCfg = Debug|Any CPU
		{1E9EE877-3D02-4AD9-86AD-1EC1D2DE37EF}.Debug|Any CPU.Build.0 = Debug|Any CPU
		{1E9EE877-3D02-4AD9-86AD-1EC1D2DE37EF}.Debug|x64.ActiveCfg = Debug|Any CPU
		{1E9EE877-3D02-4AD9-86AD-1EC1D2DE37EF}.Debug|x64.Build.0 = Debug|Any CPU
		{1E9EE877-3D02-4AD9-86AD-1EC1D2DE37EF}.Debug|x86.ActiveCfg = Debug|Any CPU
		{1E9EE877-3D02-4AD9-86AD-1EC1D2DE37EF}.Debug|x86.Build.0 = Debug|Any CPU
		{1E9EE877-3D02-4AD9-86AD-1EC1D2DE37EF}.Release|Any CPU.ActiveCfg = Release|Any CPU
		{1E9EE877-3D02-4AD9-86AD-1EC1D2DE37EF}.Release|Any CPU.Build.0 = Release|Any CPU
		{1E9EE877-3D02-4AD9-86AD-1EC1D2DE37EF}.Release|x64.ActiveCfg = Release|Any CPU
		{1E9EE877-3D02-4AD9-86AD-1EC1D2DE37EF}.Release|x64.Build.0 = Release|Any CPU
		{1E9EE877-3D02-4AD9-86AD-1EC1D2DE37EF}.Release|x86.ActiveCfg = Release|Any CPU
		{1E9EE877-3D02-4AD9-86AD-1EC1D2DE37EF}.Release|x86.Build.0 = Release|Any CPU
		{4471C2B7-51C0-4A31-8F6E-83A2F7DF9630}.Debug|Any CPU.ActiveCfg = Debug|Any CPU
		{4471C2B7-51C0-4A31-8F6E-83A2F7DF9630}.Debug|Any CPU.Build.0 = Debug|Any CPU
		{4471C2B7-51C0-4A31-8F6E-83A2F7DF9630}.Debug|x64.ActiveCfg = Debug|Any CPU
		{4471C2B7-51C0-4A31-8F6E-83A2F7DF9630}.Debug|x64.Build.0 = Debug|Any CPU
		{4471C2B7-51C0-4A31-8F6E-83A2F7DF9630}.Debug|x86.ActiveCfg = Debug|Any CPU
		{4471C2B7-51C0-4A31-8F6E-83A2F7DF9630}.Debug|x86.Build.0 = Debug|Any CPU
		{4471C2B7-51C0-4A31-8F6E-83A2F7DF9630}.Release|Any CPU.ActiveCfg = Release|Any CPU
		{4471C2B7-51C0-4A31-8F6E-83A2F7DF9630}.Release|Any CPU.Build.0 = Release|Any CPU
		{4471C2B7-51C0-4A31-8F6E-83A2F7DF9630}.Release|x64.ActiveCfg = Release|Any CPU
		{4471C2B7-51C0-4A31-8F6E-83A2F7DF9630}.Release|x64.Build.0 = Release|Any CPU
		{4471C2B7-51C0-4A31-8F6E-83A2F7DF9630}.Release|x86.ActiveCfg = Release|Any CPU
		{4471C2B7-51C0-4A31-8F6E-83A2F7DF9630}.Release|x86.Build.0 = Release|Any CPU
		{8D6E72B4-7591-4438-8634-8EFA3135709F}.Debug|Any CPU.ActiveCfg = Debug|Any CPU
		{8D6E72B4-7591-4438-8634-8EFA3135709F}.Debug|Any CPU.Build.0 = Debug|Any CPU
		{8D6E72B4-7591-4438-8634-8EFA3135709F}.Debug|x64.ActiveCfg = Debug|Any CPU
		{8D6E72B4-7591-4438-8634-8EFA3135709F}.Debug|x64.Build.0 = Debug|Any CPU
		{8D6E72B4-7591-4438-8634-8EFA3135709F}.Debug|x86.ActiveCfg = Debug|Any CPU
		{8D6E72B4-7591-4438-8634-8EFA3135709F}.Debug|x86.Build.0 = Debug|Any CPU
		{8D6E72B4-7591-4438-8634-8EFA3135709F}.Release|Any CPU.ActiveCfg = Release|Any CPU
		{8D6E72B4-7591-4438-8634-8EFA3135709F}.Release|Any CPU.Build.0 = Release|Any CPU
		{8D6E72B4-7591-4438-8634-8EFA3135709F}.Release|x64.ActiveCfg = Release|Any CPU
		{8D6E72B4-7591-4438-8634-8EFA3135709F}.Release|x64.Build.0 = Release|Any CPU
		{8D6E72B4-7591-4438-8634-8EFA3135709F}.Release|x86.ActiveCfg = Release|Any CPU
		{8D6E72B4-7591-4438-8634-8EFA3135709F}.Release|x86.Build.0 = Release|Any CPU
		{6DC6530B-FD45-4ED0-93F6-A1A49139806B}.Debug|Any CPU.ActiveCfg = Debug|Any CPU
		{6DC6530B-FD45-4ED0-93F6-A1A49139806B}.Debug|Any CPU.Build.0 = Debug|Any CPU
		{6DC6530B-FD45-4ED0-93F6-A1A49139806B}.Debug|x64.ActiveCfg = Debug|Any CPU
		{6DC6530B-FD45-4ED0-93F6-A1A49139806B}.Debug|x64.Build.0 = Debug|Any CPU
		{6DC6530B-FD45-4ED0-93F6-A1A49139806B}.Debug|x86.ActiveCfg = Debug|Any CPU
		{6DC6530B-FD45-4ED0-93F6-A1A49139806B}.Debug|x86.Build.0 = Debug|Any CPU
		{6DC6530B-FD45-4ED0-93F6-A1A49139806B}.Release|Any CPU.ActiveCfg = Release|Any CPU
		{6DC6530B-FD45-4ED0-93F6-A1A49139806B}.Release|Any CPU.Build.0 = Release|Any CPU
		{6DC6530B-FD45-4ED0-93F6-A1A49139806B}.Release|x64.ActiveCfg = Release|Any CPU
		{6DC6530B-FD45-4ED0-93F6-A1A49139806B}.Release|x64.Build.0 = Release|Any CPU
		{6DC6530B-FD45-4ED0-93F6-A1A49139806B}.Release|x86.ActiveCfg = Release|Any CPU
		{6DC6530B-FD45-4ED0-93F6-A1A49139806B}.Release|x86.Build.0 = Release|Any CPU
	EndGlobalSection
	GlobalSection(SolutionProperties) = preSolution
		HideSolutionNode = FALSE
	EndGlobalSection
	GlobalSection(ExtensibilityGlobals) = postSolution
		SolutionGuid = {B40B5D8F-8A73-48B4-955A-639061F176EE}
	EndGlobalSection
EndGlobal
